
Microsoft Visual Studio Solution File, Format Version 12.00
# Visual Studio Version 16
VisualStudioVersion = 16.0.29102.190
MinimumVisualStudioVersion = 10.0.40219.1
Project("{FAE04EC0-301F-11D3-BF4B-00C04F79EFBC}") = "HumanResources", "HumanResources\HumanResources.csproj", "{864FA091-C84E-4365-AFCE-2F3CFF11A7F2}"
EndProject
Global
	GlobalSection(SolutionConfigurationPlatforms) = preSolution
		Debug|Any CPU = Debug|Any CPU
		Release|Any CPU = Release|Any CPU
	EndGlobalSection
	GlobalSection(ProjectConfigurationPlatforms) = postSolution
		{864FA091-C84E-4365-AFCE-2F3CFF11A7F2}.Debug|Any CPU.ActiveCfg = Debug|Any CPU
		{864FA091-C84E-4365-AFCE-2F3CFF11A7F2}.Debug|Any CPU.Build.0 = Debug|Any CPU
		{864FA091-C84E-4365-AFCE-2F3CFF11A7F2}.Release|Any CPU.ActiveCfg = Release|Any CPU
		{864FA091-C84E-4365-AFCE-2F3CFF11A7F2}.Release|Any CPU.Build.0 = Release|Any CPU
	EndGlobalSection
	GlobalSection(SolutionProperties) = preSolution
		HideSolutionNode = FALSE
	EndGlobalSection
	GlobalSection(ExtensibilityGlobals) = postSolution
		SolutionGuid = {6CD6F1B5-AC35-4B9E-86F6-79B6C765CC30}
	EndGlobalSection
EndGlobal
